
Microsoft Visual Studio Solution File, Format Version 12.00
# Visual Studio Version 17
VisualStudioVersion = 17.0.31919.166
MinimumVisualStudioVersion = 10.0.40219.1
Project("{9A19103F-16F7-4668-BE54-9A1E7A4F7556}") = "GraphicLabs", "GraphicLabs\GraphicLabs.csproj", "{59300DE0-ADE6-41C4-9F32-AE0A360BC700}"
EndProject
Project("{FAE04EC0-301F-11D3-BF4B-00C04F79EFBC}") = "GraphicLabs.Test", "GraphicLabs.Test\GraphicLabs.Test.csproj", "{08B99F35-F870-44B4-94C8-F3F558E5E5E5}"
EndProject
Global
	GlobalSection(SolutionConfigurationPlatforms) = preSolution
		Debug|Any CPU = Debug|Any CPU
		Release|Any CPU = Release|Any CPU
	EndGlobalSection
	GlobalSection(ProjectConfigurationPlatforms) = postSolution
		{59300DE0-ADE6-41C4-9F32-AE0A360BC700}.Debug|Any CPU.ActiveCfg = Debug|Any CPU
		{59300DE0-ADE6-41C4-9F32-AE0A360BC700}.Debug|Any CPU.Build.0 = Debug|Any CPU
		{59300DE0-ADE6-41C4-9F32-AE0A360BC700}.Release|Any CPU.ActiveCfg = Release|Any CPU
		{59300DE0-ADE6-41C4-9F32-AE0A360BC700}.Release|Any CPU.Build.0 = Release|Any CPU
		{08B99F35-F870-44B4-94C8-F3F558E5E5E5}.Debug|Any CPU.ActiveCfg = Debug|Any CPU
		{08B99F35-F870-44B4-94C8-F3F558E5E5E5}.Debug|Any CPU.Build.0 = Debug|Any CPU
		{08B99F35-F870-44B4-94C8-F3F558E5E5E5}.Release|Any CPU.ActiveCfg = Release|Any CPU
		{08B99F35-F870-44B4-94C8-F3F558E5E5E5}.Release|Any CPU.Build.0 = Release|Any CPU
	EndGlobalSection
	GlobalSection(SolutionProperties) = preSolution
		HideSolutionNode = FALSE
	EndGlobalSection
	GlobalSection(ExtensibilityGlobals) = postSolution
		SolutionGuid = {AAC66624-7EF7-4A80-A54B-EEE8A2DF1B9C}
	EndGlobalSection
EndGlobal
